{
  "name": "starter-code-2",
  "lockfileVersion": 2,
  "requires": true,
  "packages": {
    "": {
      "dependencies": {
        "onsenui": "^2.12.6"
      }
    },
    "node_modules/onsenui": {
      "version": "2.12.6",
      "resolved": "https://registry.npmjs.org/onsenui/-/onsenui-2.12.6.tgz",
      "integrity": "sha512-hztUNtF+M4A+QWCZLNh1tXFufSmxxL2FP+jSfaTnW7S1I9PJJG+gdM/gCp25WV0sxSeU4us00hU/XZ2AyJ8zhg==",
      "engines": {
        "node": ">= 4.0.0"
      }
    }
  },
  "dependencies": {
    "onsenui": {
      "version": "2.12.6",
      "resolved": "https://registry.npmjs.org/onsenui/-/onsenui-2.12.6.tgz",
      "integrity": "sha512-hztUNtF+M4A+QWCZLNh1tXFufSmxxL2FP+jSfaTnW7S1I9PJJG+gdM/gCp25WV0sxSeU4us00hU/XZ2AyJ8zhg=="
    }
  }
}
